
Microsoft Visual Studio Solution File, Format Version 12.00
# Visual Studio Version 16
VisualStudioVersion = 16.0.29609.76
MinimumVisualStudioVersion = 10.0.40219.1
Project("{9A19103F-16F7-4668-BE54-9A1E7A4F7556}") = "Employees.API", "Employees.API.csproj", "{A37F0DA8-FCC4-4001-B38F-773C9FE14264}"
EndProject
Global
	GlobalSection(SolutionConfigurationPlatforms) = preSolution
		Debug|Any CPU = Debug|Any CPU
		Release|Any CPU = Release|Any CPU
	EndGlobalSection
	GlobalSection(ProjectConfigurationPlatforms) = postSolution
		{A37F0DA8-FCC4-4001-B38F-773C9FE14264}.Debug|Any CPU.ActiveCfg = Debug|Any CPU
		{A37F0DA8-FCC4-4001-B38F-773C9FE14264}.Debug|Any CPU.Build.0 = Debug|Any CPU
		{A37F0DA8-FCC4-4001-B38F-773C9FE14264}.Release|Any CPU.ActiveCfg = Release|Any CPU
		{A37F0DA8-FCC4-4001-B38F-773C9FE14264}.Release|Any CPU.Build.0 = Release|Any CPU
	EndGlobalSection
	GlobalSection(SolutionProperties) = preSolution
		HideSolutionNode = FALSE
	EndGlobalSection
	GlobalSection(ExtensibilityGlobals) = postSolution
		SolutionGuid = {C5993C6A-2631-4C8D-9B1E-9BC7953C711C}
	EndGlobalSection
EndGlobal
